
Microsoft Visual Studio Solution File, Format Version 12.00
# Visual Studio Version 17
VisualStudioVersion = 17.4.33103.184
MinimumVisualStudioVersion = 10.0.40219.1
Project("{FAE04EC0-301F-11D3-BF4B-00C04F79EFBC}") = "WebMVSMasterPage", "WebMVSMasterPage\WebMVSMasterPage.csproj", "{E46D6722-4998-451E-A6EF-DE90992FB596}"
EndProject
Project("{FAE04EC0-301F-11D3-BF4B-00C04F79EFBC}") = "lesson4MVC", "lesson4MVC\lesson4MVC.csproj", "{FCB8441A-763A-46C1-A0DD-E6E9F20AA120}"
EndProject
Global
	GlobalSection(SolutionConfigurationPlatforms) = preSolution
		Debug|Any CPU = Debug|Any CPU
		Release|Any CPU = Release|Any CPU
	EndGlobalSection
	GlobalSection(ProjectConfigurationPlatforms) = postSolution
		{E46D6722-4998-451E-A6EF-DE90992FB596}.Debug|Any CPU.ActiveCfg = Debug|Any CPU
		{E46D6722-4998-451E-A6EF-DE90992FB596}.Debug|Any CPU.Build.0 = Debug|Any CPU
		{E46D6722-4998-451E-A6EF-DE90992FB596}.Release|Any CPU.ActiveCfg = Release|Any CPU
		{E46D6722-4998-451E-A6EF-DE90992FB596}.Release|Any CPU.Build.0 = Release|Any CPU
		{FCB8441A-763A-46C1-A0DD-E6E9F20AA120}.Debug|Any CPU.ActiveCfg = Debug|Any CPU
		{FCB8441A-763A-46C1-A0DD-E6E9F20AA120}.Debug|Any CPU.Build.0 = Debug|Any CPU
		{FCB8441A-763A-46C1-A0DD-E6E9F20AA120}.Release|Any CPU.ActiveCfg = Release|Any CPU
		{FCB8441A-763A-46C1-A0DD-E6E9F20AA120}.Release|Any CPU.Build.0 = Release|Any CPU
	EndGlobalSection
	GlobalSection(SolutionProperties) = preSolution
		HideSolutionNode = FALSE
	EndGlobalSection
	GlobalSection(ExtensibilityGlobals) = postSolution
		SolutionGuid = {CC988F30-E975-45DF-9AF5-511534698244}
	EndGlobalSection
EndGlobal
